
Microsoft Visual Studio Solution File, Format Version 12.00
# Visual Studio Version 16
VisualStudioVersion = 16.0.30104.148
MinimumVisualStudioVersion = 10.0.40219.1
Project("{FAE04EC0-301F-11D3-BF4B-00C04F79EFBC}") = "Carousel.Android", "Carousel\Carousel.Android\Carousel.Android.csproj", "{FC4B7E62-A65A-4CF6-AD9E-80DB7EC05CF8}"
EndProject
Project("{9A19103F-16F7-4668-BE54-9A1E7A4F7556}") = "Carousel", "Carousel\Carousel\Carousel.csproj", "{1500CC3D-F244-487E-BDB9-B3D5D9D1CEAC}"
EndProject
Project("{FAE04EC0-301F-11D3-BF4B-00C04F79EFBC}") = "travelAppLog.Android", "travelAppLog\travelAppLog.Android\travelAppLog.Android.csproj", "{59B0F27B-16C8-45E1-8972-8183D3D209F3}"
EndProject
Project("{FAE04EC0-301F-11D3-BF4B-00C04F79EFBC}") = "travelAppLog.iOS", "travelAppLog\travelAppLog.iOS\travelAppLog.iOS.csproj", "{F587667C-D7FD-4B9E-928B-ED9B90F25E73}"
EndProject
Project("{9A19103F-16F7-4668-BE54-9A1E7A4F7556}") = "travelAppLog", "travelAppLog\travelAppLog\travelAppLog.csproj", "{91C277C6-DFAA-4501-9FB9-5D2E811D0243}"
EndProject
Project("{FAE04EC0-301F-11D3-BF4B-00C04F79EFBC}") = "fonticon.Android", "fonticon\fonticon.Android\fonticon.Android.csproj", "{28B7021D-FD15-4E6D-8B92-53CCC1A25ADC}"
EndProject
Project("{FAE04EC0-301F-11D3-BF4B-00C04F79EFBC}") = "fonticon", "fonticon\fonticon\fonticon.csproj", "{D0CEDF6F-02A6-4B92-A735-8799ED089447}"
EndProject
Global
	GlobalSection(SolutionConfigurationPlatforms) = preSolution
		Debug|Any CPU = Debug|Any CPU
		Debug|iPhone = Debug|iPhone
		Debug|iPhoneSimulator = Debug|iPhoneSimulator
		Release|Any CPU = Release|Any CPU
		Release|iPhone = Release|iPhone
		Release|iPhoneSimulator = Release|iPhoneSimulator
	EndGlobalSection
	GlobalSection(ProjectConfigurationPlatforms) = postSolution
		{FC4B7E62-A65A-4CF6-AD9E-80DB7EC05CF8}.Debug|Any CPU.ActiveCfg = Debug|Any CPU
		{FC4B7E62-A65A-4CF6-AD9E-80DB7EC05CF8}.Debug|Any CPU.Build.0 = Debug|Any CPU
		{FC4B7E62-A65A-4CF6-AD9E-80DB7EC05CF8}.Debug|Any CPU.Deploy.0 = Debug|Any CPU
		{FC4B7E62-A65A-4CF6-AD9E-80DB7EC05CF8}.Debug|iPhone.ActiveCfg = Debug|Any CPU
		{FC4B7E62-A65A-4CF6-AD9E-80DB7EC05CF8}.Debug|iPhone.Build.0 = Debug|Any CPU
		{FC4B7E62-A65A-4CF6-AD9E-80DB7EC05CF8}.Debug|iPhone.Deploy.0 = Debug|Any CPU
		{FC4B7E62-A65A-4CF6-AD9E-80DB7EC05CF8}.Debug|iPhoneSimulator.ActiveCfg = Debug|Any CPU
		{FC4B7E62-A65A-4CF6-AD9E-80DB7EC05CF8}.Debug|iPhoneSimulator.Build.0 = Debug|Any CPU
		{FC4B7E62-A65A-4CF6-AD9E-80DB7EC05CF8}.Debug|iPhoneSimulator.Deploy.0 = Debug|Any CPU
		{FC4B7E62-A65A-4CF6-AD9E-80DB7EC05CF8}.Release|Any CPU.ActiveCfg = Release|Any CPU
		{FC4B7E62-A65A-4CF6-AD9E-80DB7EC05CF8}.Release|Any CPU.Build.0 = Release|Any CPU
		{FC4B7E62-A65A-4CF6-AD9E-80DB7EC05CF8}.Release|Any CPU.Deploy.0 = Release|Any CPU
		{FC4B7E62-A65A-4CF6-AD9E-80DB7EC05CF8}.Release|iPhone.ActiveCfg = Release|Any CPU
		{FC4B7E62-A65A-4CF6-AD9E-80DB7EC05CF8}.Release|iPhone.Build.0 = Release|Any CPU
		{FC4B7E62-A65A-4CF6-AD9E-80DB7EC05CF8}.Release|iPhone.Deploy.0 = Release|Any CPU
		{FC4B7E62-A65A-4CF6-AD9E-80DB7EC05CF8}.Release|iPhoneSimulator.ActiveCfg = Release|Any CPU
		{FC4B7E62-A65A-4CF6-AD9E-80DB7EC05CF8}.Release|iPhoneSimulator.Build.0 = Release|Any CPU
		{FC4B7E62-A65A-4CF6-AD9E-80DB7EC05CF8}.Release|iPhoneSimulator.Deploy.0 = Release|Any CPU
		{1500CC3D-F244-487E-BDB9-B3D5D9D1CEAC}.Debug|Any CPU.ActiveCfg = Debug|Any CPU
		{1500CC3D-F244-487E-BDB9-B3D5D9D1CEAC}.Debug|Any CPU.Build.0 = Debug|Any CPU
		{1500CC3D-F244-487E-BDB9-B3D5D9D1CEAC}.Debug|Any CPU.Deploy.0 = Debug|Any CPU
		{1500CC3D-F244-487E-BDB9-B3D5D9D1CEAC}.Debug|iPhone.ActiveCfg = Debug|Any CPU
		{1500CC3D-F244-487E-BDB9-B3D5D9D1CEAC}.Debug|iPhone.Build.0 = Debug|Any CPU
		{1500CC3D-F244-487E-BDB9-B3D5D9D1CEAC}.Debug|iPhoneSimulator.ActiveCfg = Debug|Any CPU
		{1500CC3D-F244-487E-BDB9-B3D5D9D1CEAC}.Debug|iPhoneSimulator.Build.0 = Debug|Any CPU
		{1500CC3D-F244-487E-BDB9-B3D5D9D1CEAC}.Release|Any CPU.ActiveCfg = Release|Any CPU
		{1500CC3D-F244-487E-BDB9-B3D5D9D1CEAC}.Release|Any CPU.Build.0 = Release|Any CPU
		{1500CC3D-F244-487E-BDB9-B3D5D9D1CEAC}.Release|Any CPU.Deploy.0 = Release|Any CPU
		{1500CC3D-F244-487E-BDB9-B3D5D9D1CEAC}.Release|iPhone.ActiveCfg = Release|Any CPU
		{1500CC3D-F244-487E-BDB9-B3D5D9D1CEAC}.Release|iPhone.Build.0 = Release|Any CPU
		{1500CC3D-F244-487E-BDB9-B3D5D9D1CEAC}.Release|iPhoneSimulator.ActiveCfg = Release|Any CPU
		{1500CC3D-F244-487E-BDB9-B3D5D9D1CEAC}.Release|iPhoneSimulator.Build.0 = Release|Any CPU
		{59B0F27B-16C8-45E1-8972-8183D3D209F3}.Debug|Any CPU.ActiveCfg = Debug|Any CPU
		{59B0F27B-16C8-45E1-8972-8183D3D209F3}.Debug|Any CPU.Build.0 = Debug|Any CPU
		{59B0F27B-16C8-45E1-8972-8183D3D209F3}.Debug|Any CPU.Deploy.0 = Debug|Any CPU
		{59B0F27B-16C8-45E1-8972-8183D3D209F3}.Debug|iPhone.ActiveCfg = Debug|Any CPU
		{59B0F27B-16C8-45E1-8972-8183D3D209F3}.Debug|iPhone.Build.0 = Debug|Any CPU
		{59B0F27B-16C8-45E1-8972-8183D3D209F3}.Debug|iPhone.Deploy.0 = Debug|Any CPU
		{59B0F27B-16C8-45E1-8972-8183D3D209F3}.Debug|iPhoneSimulator.ActiveCfg = Debug|Any CPU
		{59B0F27B-16C8-45E1-8972-8183D3D209F3}.Debug|iPhoneSimulator.Build.0 = Debug|Any CPU
		{59B0F27B-16C8-45E1-8972-8183D3D209F3}.Debug|iPhoneSimulator.Deploy.0 = Debug|Any CPU
		{59B0F27B-16C8-45E1-8972-8183D3D209F3}.Release|Any CPU.ActiveCfg = Release|Any CPU
		{59B0F27B-16C8-45E1-8972-8183D3D209F3}.Release|Any CPU.Build.0 = Release|Any CPU
		{59B0F27B-16C8-45E1-8972-8183D3D209F3}.Release|Any CPU.Deploy.0 = Release|Any CPU
		{59B0F27B-16C8-45E1-8972-8183D3D209F3}.Release|iPhone.ActiveCfg = Release|Any CPU
		{59B0F27B-16C8-45E1-8972-8183D3D209F3}.Release|iPhone.Build.0 = Release|Any CPU
		{59B0F27B-16C8-45E1-8972-8183D3D209F3}.Release|iPhone.Deploy.0 = Release|Any CPU
		{59B0F27B-16C8-45E1-8972-8183D3D209F3}.Release|iPhoneSimulator.ActiveCfg = Release|Any CPU
		{59B0F27B-16C8-45E1-8972-8183D3D209F3}.Release|iPhoneSimulator.Build.0 = Release|Any CPU
		{59B0F27B-16C8-45E1-8972-8183D3D209F3}.Release|iPhoneSimulator.Deploy.0 = Release|Any CPU
		{F587667C-D7FD-4B9E-928B-ED9B90F25E73}.Debug|Any CPU.ActiveCfg = Debug|iPhone
		{F587667C-D7FD-4B9E-928B-ED9B90F25E73}.Debug|iPhone.ActiveCfg = Debug|iPhone
		{F587667C-D7FD-4B9E-928B-ED9B90F25E73}.Debug|iPhone.Build.0 = Debug|iPhone
		{F587667C-D7FD-4B9E-928B-ED9B90F25E73}.Debug|iPhoneSimulator.ActiveCfg = Debug|iPhoneSimulator
		{F587667C-D7FD-4B9E-928B-ED9B90F25E73}.Debug|iPhoneSimulator.Build.0 = Debug|iPhoneSimulator
		{F587667C-D7FD-4B9E-928B-ED9B90F25E73}.Release|Any CPU.ActiveCfg = Release|iPhone
		{F587667C-D7FD-4B9E-928B-ED9B90F25E73}.Release|iPhone.ActiveCfg = Release|iPhone
		{F587667C-D7FD-4B9E-928B-ED9B90F25E73}.Release|iPhone.Build.0 = Release|iPhone
		{F587667C-D7FD-4B9E-928B-ED9B90F25E73}.Release|iPhoneSimulator.ActiveCfg = Release|iPhoneSimulator
		{F587667C-D7FD-4B9E-928B-ED9B90F25E73}.Release|iPhoneSimulator.Build.0 = Release|iPhoneSimulator
		{91C277C6-DFAA-4501-9FB9-5D2E811D0243}.Debug|Any CPU.ActiveCfg = Debug|Any CPU
		{91C277C6-DFAA-4501-9FB9-5D2E811D0243}.Debug|Any CPU.Build.0 = Debug|Any CPU
		{91C277C6-DFAA-4501-9FB9-5D2E811D0243}.Debug|iPhone.ActiveCfg = Debug|Any CPU
		{91C277C6-DFAA-4501-9FB9-5D2E811D0243}.Debug|iPhone.Build.0 = Debug|Any CPU
		{91C277C6-DFAA-4501-9FB9-5D2E811D0243}.Debug|iPhoneSimulator.ActiveCfg = Debug|Any CPU
		{91C277C6-DFAA-4501-9FB9-5D2E811D0243}.Debug|iPhoneSimulator.Build.0 = Debug|Any CPU
		{91C277C6-DFAA-4501-9FB9-5D2E811D0243}.Release|Any CPU.ActiveCfg = Release|Any CPU
		{91C277C6-DFAA-4501-9FB9-5D2E811D0243}.Release|Any CPU.Build.0 = Release|Any CPU
		{91C277C6-DFAA-4501-9FB9-5D2E811D0243}.Release|iPhone.ActiveCfg = Release|Any CPU
		{91C277C6-DFAA-4501-9FB9-5D2E811D0243}.Release|iPhone.Build.0 = Release|Any CPU
		{91C277C6-DFAA-4501-9FB9-5D2E811D0243}.Release|iPhoneSimulator.ActiveCfg = Release|Any CPU
		{91C277C6-DFAA-4501-9FB9-5D2E811D0243}.Release|iPhoneSimulator.Build.0 = Release|Any CPU
		{28B7021D-FD15-4E6D-8B92-53CCC1A25ADC}.Debug|Any CPU.ActiveCfg = Debug|Any CPU
		{28B7021D-FD15-4E6D-8B92-53CCC1A25ADC}.Debug|Any CPU.Build.0 = Debug|Any CPU
		{28B7021D-FD15-4E6D-8B92-53CCC1A25ADC}.Debug|Any CPU.Deploy.0 = Debug|Any CPU
		{28B7021D-FD15-4E6D-8B92-53CCC1A25ADC}.Debug|iPhone.ActiveCfg = Debug|Any CPU
		{28B7021D-FD15-4E6D-8B92-53CCC1A25ADC}.Debug|iPhone.Build.0 = Debug|Any CPU
		{28B7021D-FD15-4E6D-8B92-53CCC1A25ADC}.Debug|iPhone.Deploy.0 = Debug|Any CPU
		{28B7021D-FD15-4E6D-8B92-53CCC1A25ADC}.Debug|iPhoneSimulator.ActiveCfg = Debug|Any CPU
		{28B7021D-FD15-4E6D-8B92-53CCC1A25ADC}.Debug|iPhoneSimulator.Build.0 = Debug|Any CPU
		{28B7021D-FD15-4E6D-8B92-53CCC1A25ADC}.Debug|iPhoneSimulator.Deploy.0 = Debug|Any CPU
		{28B7021D-FD15-4E6D-8B92-53CCC1A25ADC}.Release|Any CPU.ActiveCfg = Release|Any CPU
		{28B7021D-FD15-4E6D-8B92-53CCC1A25ADC}.Release|Any CPU.Build.0 = Release|Any CPU
		{28B7021D-FD15-4E6D-8B92-53CCC1A25ADC}.Release|Any CPU.Deploy.0 = Release|Any CPU
		{28B7021D-FD15-4E6D-8B92-53CCC1A25ADC}.Release|iPhone.ActiveCfg = Release|Any CPU
		{28B7021D-FD15-4E6D-8B92-53CCC1A25ADC}.Release|iPhone.Build.0 = Release|Any CPU
		{28B7021D-FD15-4E6D-8B92-53CCC1A25ADC}.Release|iPhone.Deploy.0 = Release|Any CPU
		{28B7021D-FD15-4E6D-8B92-53CCC1A25ADC}.Release|iPhoneSimulator.ActiveCfg = Release|Any CPU
		{28B7021D-FD15-4E6D-8B92-53CCC1A25ADC}.Release|iPhoneSimulator.Build.0 = Release|Any CPU
		{28B7021D-FD15-4E6D-8B92-53CCC1A25ADC}.Release|iPhoneSimulator.Deploy.0 = Release|Any CPU
		{D0CEDF6F-02A6-4B92-A735-8799ED089447}.Debug|Any CPU.ActiveCfg = Debug|Any CPU
		{D0CEDF6F-02A6-4B92-A735-8799ED089447}.Debug|Any CPU.Build.0 = Debug|Any CPU
		{D0CEDF6F-02A6-4B92-A735-8799ED089447}.Debug|iPhone.ActiveCfg = Debug|Any CPU
		{D0CEDF6F-02A6-4B92-A735-8799ED089447}.Debug|iPhone.Build.0 = Debug|Any CPU
		{D0CEDF6F-02A6-4B92-A735-8799ED089447}.Debug|iPhoneSimulator.ActiveCfg = Debug|Any CPU
		{D0CEDF6F-02A6-4B92-A735-8799ED089447}.Debug|iPhoneSimulator.Build.0 = Debug|Any CPU
		{D0CEDF6F-02A6-4B92-A735-8799ED089447}.Release|Any CPU.ActiveCfg = Release|Any CPU
		{D0CEDF6F-02A6-4B92-A735-8799ED089447}.Release|Any CPU.Build.0 = Release|Any CPU
		{D0CEDF6F-02A6-4B92-A735-8799ED089447}.Release|iPhone.ActiveCfg = Release|Any CPU
		{D0CEDF6F-02A6-4B92-A735-8799ED089447}.Release|iPhone.Build.0 = Release|Any CPU
		{D0CEDF6F-02A6-4B92-A735-8799ED089447}.Release|iPhoneSimulator.ActiveCfg = Release|Any CPU
		{D0CEDF6F-02A6-4B92-A735-8799ED089447}.Release|iPhoneSimulator.Build.0 = Release|Any CPU
	EndGlobalSection
	GlobalSection(SolutionProperties) = preSolution
		HideSolutionNode = FALSE
	EndGlobalSection
	GlobalSection(ExtensibilityGlobals) = postSolution
		SolutionGuid = {3B74D6FD-42DC-4CE0-91E4-1FD1712EE86D}
	EndGlobalSection
EndGlobal
